
Microsoft Visual Studio Solution File, Format Version 12.00
# Visual Studio 14
VisualStudioVersion = 14.0.23107.0
MinimumVisualStudioVersion = 10.0.40219.1
Project("{FAE04EC0-301F-11D3-BF4B-00C04F79EFBC}") = "Songbook.Structure", "src\Songbook.Structure\Songbook.Structure.csproj", "{E924E645-0E26-44A1-A9F9-98E9E1F19EB7}"
EndProject
Project("{FAE04EC0-301F-11D3-BF4B-00C04F79EFBC}") = "Songbook.Theory", "src\Songbook.Theory\Songbook.Theory.csproj", "{B5DA9F8A-BE9D-47D4-B49F-4E99311D171A}"
EndProject
Project("{FAE04EC0-301F-11D3-BF4B-00C04F79EFBC}") = "Songbook.Theory.Tests", "tests\Songbook.Theory.Tests\Songbook.Theory.Tests.csproj", "{32D62BB8-5B84-4C3A-AFE8-96680324B17E}"
EndProject
Project("{FAE04EC0-301F-11D3-BF4B-00C04F79EFBC}") = "Songbook.Structure.Tests", "tests\Songbook.Structure.Tests\Songbook.Structure.Tests.csproj", "{A4B8626C-4BDE-4946-8640-CA23FFC0AF4B}"
EndProject
Project("{FAE04EC0-301F-11D3-BF4B-00C04F79EFBC}") = "Songbook.Windows", "src\Songbook.Windows\Songbook.Windows.csproj", "{588DB104-42CD-4B56-9628-8A4875431832}"
EndProject
Project("{FAE04EC0-301F-11D3-BF4B-00C04F79EFBC}") = "Songbook.Universal", "src\Songbook.Universal\Songbook.Universal.csproj", "{8EF93737-3225-4A5D-A67A-7D4E33D2786F}"
EndProject
Global
	GlobalSection(SolutionConfigurationPlatforms) = preSolution
		Debug|Any CPU = Debug|Any CPU
		Debug|ARM = Debug|ARM
		Debug|x64 = Debug|x64
		Debug|x86 = Debug|x86
		Release|Any CPU = Release|Any CPU
		Release|ARM = Release|ARM
		Release|x64 = Release|x64
		Release|x86 = Release|x86
	EndGlobalSection
	GlobalSection(ProjectConfigurationPlatforms) = postSolution
		{E924E645-0E26-44A1-A9F9-98E9E1F19EB7}.Debug|Any CPU.ActiveCfg = Debug|Any CPU
		{E924E645-0E26-44A1-A9F9-98E9E1F19EB7}.Debug|Any CPU.Build.0 = Debug|Any CPU
		{E924E645-0E26-44A1-A9F9-98E9E1F19EB7}.Debug|ARM.ActiveCfg = Debug|Any CPU
		{E924E645-0E26-44A1-A9F9-98E9E1F19EB7}.Debug|ARM.Build.0 = Debug|Any CPU
		{E924E645-0E26-44A1-A9F9-98E9E1F19EB7}.Debug|x64.ActiveCfg = Debug|Any CPU
		{E924E645-0E26-44A1-A9F9-98E9E1F19EB7}.Debug|x64.Build.0 = Debug|Any CPU
		{E924E645-0E26-44A1-A9F9-98E9E1F19EB7}.Debug|x86.ActiveCfg = Debug|Any CPU
		{E924E645-0E26-44A1-A9F9-98E9E1F19EB7}.Debug|x86.Build.0 = Debug|Any CPU
		{E924E645-0E26-44A1-A9F9-98E9E1F19EB7}.Release|Any CPU.ActiveCfg = Release|Any CPU
		{E924E645-0E26-44A1-A9F9-98E9E1F19EB7}.Release|Any CPU.Build.0 = Release|Any CPU
		{E924E645-0E26-44A1-A9F9-98E9E1F19EB7}.Release|ARM.ActiveCfg = Release|Any CPU
		{E924E645-0E26-44A1-A9F9-98E9E1F19EB7}.Release|ARM.Build.0 = Release|Any CPU
		{E924E645-0E26-44A1-A9F9-98E9E1F19EB7}.Release|x64.ActiveCfg = Release|Any CPU
		{E924E645-0E26-44A1-A9F9-98E9E1F19EB7}.Release|x64.Build.0 = Release|Any CPU
		{E924E645-0E26-44A1-A9F9-98E9E1F19EB7}.Release|x86.ActiveCfg = Release|Any CPU
		{E924E645-0E26-44A1-A9F9-98E9E1F19EB7}.Release|x86.Build.0 = Release|Any CPU
		{B5DA9F8A-BE9D-47D4-B49F-4E99311D171A}.Debug|Any CPU.ActiveCfg = Debug|Any CPU
		{B5DA9F8A-BE9D-47D4-B49F-4E99311D171A}.Debug|Any CPU.Build.0 = Debug|Any CPU
		{B5DA9F8A-BE9D-47D4-B49F-4E99311D171A}.Debug|ARM.ActiveCfg = Debug|Any CPU
		{B5DA9F8A-BE9D-47D4-B49F-4E99311D171A}.Debug|ARM.Build.0 = Debug|Any CPU
		{B5DA9F8A-BE9D-47D4-B49F-4E99311D171A}.Debug|x64.ActiveCfg = Debug|Any CPU
		{B5DA9F8A-BE9D-47D4-B49F-4E99311D171A}.Debug|x64.Build.0 = Debug|Any CPU
		{B5DA9F8A-BE9D-47D4-B49F-4E99311D171A}.Debug|x86.ActiveCfg = Debug|Any CPU
		{B5DA9F8A-BE9D-47D4-B49F-4E99311D171A}.Debug|x86.Build.0 = Debug|Any CPU
		{B5DA9F8A-BE9D-47D4-B49F-4E99311D171A}.Release|Any CPU.ActiveCfg = Release|Any CPU
		{B5DA9F8A-BE9D-47D4-B49F-4E99311D171A}.Release|Any CPU.Build.0 = Release|Any CPU
		{B5DA9F8A-BE9D-47D4-B49F-4E99311D171A}.Release|ARM.ActiveCfg = Release|Any CPU
		{B5DA9F8A-BE9D-47D4-B49F-4E99311D171A}.Release|ARM.Build.0 = Release|Any CPU
		{B5DA9F8A-BE9D-47D4-B49F-4E99311D171A}.Release|x64.ActiveCfg = Release|Any CPU
		{B5DA9F8A-BE9D-47D4-B49F-4E99311D171A}.Release|x64.Build.0 = Release|Any CPU
		{B5DA9F8A-BE9D-47D4-B49F-4E99311D171A}.Release|x86.ActiveCfg = Release|Any CPU
		{B5DA9F8A-BE9D-47D4-B49F-4E99311D171A}.Release|x86.Build.0 = Release|Any CPU
		{32D62BB8-5B84-4C3A-AFE8-96680324B17E}.Debug|Any CPU.ActiveCfg = Debug|Any CPU
		{32D62BB8-5B84-4C3A-AFE8-96680324B17E}.Debug|Any CPU.Build.0 = Debug|Any CPU
		{32D62BB8-5B84-4C3A-AFE8-96680324B17E}.Debug|ARM.ActiveCfg = Debug|Any CPU
		{32D62BB8-5B84-4C3A-AFE8-96680324B17E}.Debug|ARM.Build.0 = Debug|Any CPU
		{32D62BB8-5B84-4C3A-AFE8-96680324B17E}.Debug|x64.ActiveCfg = Debug|Any CPU
		{32D62BB8-5B84-4C3A-AFE8-96680324B17E}.Debug|x64.Build.0 = Debug|Any CPU
		{32D62BB8-5B84-4C3A-AFE8-96680324B17E}.Debug|x86.ActiveCfg = Debug|Any CPU
		{32D62BB8-5B84-4C3A-AFE8-96680324B17E}.Debug|x86.Build.0 = Debug|Any CPU
		{32D62BB8-5B84-4C3A-AFE8-96680324B17E}.Release|Any CPU.ActiveCfg = Release|Any CPU
		{32D62BB8-5B84-4C3A-AFE8-96680324B17E}.Release|Any CPU.Build.0 = Release|Any CPU
		{32D62BB8-5B84-4C3A-AFE8-96680324B17E}.Release|ARM.ActiveCfg = Release|Any CPU
		{32D62BB8-5B84-4C3A-AFE8-96680324B17E}.Release|ARM.Build.0 = Release|Any CPU
		{32D62BB8-5B84-4C3A-AFE8-96680324B17E}.Release|x64.ActiveCfg = Release|Any CPU
		{32D62BB8-5B84-4C3A-AFE8-96680324B17E}.Release|x64.Build.0 = Release|Any CPU
		{32D62BB8-5B84-4C3A-AFE8-96680324B17E}.Release|x86.ActiveCfg = Release|Any CPU
		{32D62BB8-5B84-4C3A-AFE8-96680324B17E}.Release|x86.Build.0 = Release|Any CPU
		{A4B8626C-4BDE-4946-8640-CA23FFC0AF4B}.Debug|Any CPU.ActiveCfg = Debug|Any CPU
		{A4B8626C-4BDE-4946-8640-CA23FFC0AF4B}.Debug|Any CPU.Build.0 = Debug|Any CPU
		{A4B8626C-4BDE-4946-8640-CA23FFC0AF4B}.Debug|ARM.ActiveCfg = Debug|Any CPU
		{A4B8626C-4BDE-4946-8640-CA23FFC0AF4B}.Debug|ARM.Build.0 = Debug|Any CPU
		{A4B8626C-4BDE-4946-8640-CA23FFC0AF4B}.Debug|x64.ActiveCfg = Debug|Any CPU
		{A4B8626C-4BDE-4946-8640-CA23FFC0AF4B}.Debug|x64.Build.0 = Debug|Any CPU
		{A4B8626C-4BDE-4946-8640-CA23FFC0AF4B}.Debug|x86.ActiveCfg = Debug|Any CPU
		{A4B8626C-4BDE-4946-8640-CA23FFC0AF4B}.Debug|x86.Build.0 = Debug|Any CPU
		{A4B8626C-4BDE-4946-8640-CA23FFC0AF4B}.Release|Any CPU.ActiveCfg = Release|Any CPU
		{A4B8626C-4BDE-4946-8640-CA23FFC0AF4B}.Release|Any CPU.Build.0 = Release|Any CPU
		{A4B8626C-4BDE-4946-8640-CA23FFC0AF4B}.Release|ARM.ActiveCfg = Release|Any CPU
		{A4B8626C-4BDE-4946-8640-CA23FFC0AF4B}.Release|ARM.Build.0 = Release|Any CPU
		{A4B8626C-4BDE-4946-8640-CA23FFC0AF4B}.Release|x64.ActiveCfg = Release|Any CPU
		{A4B8626C-4BDE-4946-8640-CA23FFC0AF4B}.Release|x64.Build.0 = Release|Any CPU
		{A4B8626C-4BDE-4946-8640-CA23FFC0AF4B}.Release|x86.ActiveCfg = Release|Any CPU
		{A4B8626C-4BDE-4946-8640-CA23FFC0AF4B}.Release|x86.Build.0 = Release|Any CPU
		{588DB104-42CD-4B56-9628-8A4875431832}.Debug|Any CPU.ActiveCfg = Debug|Any CPU
		{588DB104-42CD-4B56-9628-8A4875431832}.Debug|Any CPU.Build.0 = Debug|Any CPU
		{588DB104-42CD-4B56-9628-8A4875431832}.Debug|ARM.ActiveCfg = Debug|Any CPU
		{588DB104-42CD-4B56-9628-8A4875431832}.Debug|ARM.Build.0 = Debug|Any CPU
		{588DB104-42CD-4B56-9628-8A4875431832}.Debug|x64.ActiveCfg = Debug|Any CPU
		{588DB104-42CD-4B56-9628-8A4875431832}.Debug|x64.Build.0 = Debug|Any CPU
		{588DB104-42CD-4B56-9628-8A4875431832}.Debug|x86.ActiveCfg = Debug|Any CPU
		{588DB104-42CD-4B56-9628-8A4875431832}.Debug|x86.Build.0 = Debug|Any CPU
		{588DB104-42CD-4B56-9628-8A4875431832}.Release|Any CPU.ActiveCfg = Release|Any CPU
		{588DB104-42CD-4B56-9628-8A4875431832}.Release|Any CPU.Build.0 = Release|Any CPU
		{588DB104-42CD-4B56-9628-8A4875431832}.Release|ARM.ActiveCfg = Release|Any CPU
		{588DB104-42CD-4B56-9628-8A4875431832}.Release|ARM.Build.0 = Release|Any CPU
		{588DB104-42CD-4B56-9628-8A4875431832}.Release|x64.ActiveCfg = Release|Any CPU
		{588DB104-42CD-4B56-9628-8A4875431832}.Release|x64.Build.0 = Release|Any CPU
		{588DB104-42CD-4B56-9628-8A4875431832}.Release|x86.ActiveCfg = Release|Any CPU
		{588DB104-42CD-4B56-9628-8A4875431832}.Release|x86.Build.0 = Release|Any CPU
		{8EF93737-3225-4A5D-A67A-7D4E33D2786F}.Debug|Any CPU.ActiveCfg = Debug|x86
		{8EF93737-3225-4A5D-A67A-7D4E33D2786F}.Debug|ARM.ActiveCfg = Debug|ARM
		{8EF93737-3225-4A5D-A67A-7D4E33D2786F}.Debug|ARM.Build.0 = Debug|ARM
		{8EF93737-3225-4A5D-A67A-7D4E33D2786F}.Debug|ARM.Deploy.0 = Debug|ARM
		{8EF93737-3225-4A5D-A67A-7D4E33D2786F}.Debug|x64.ActiveCfg = Debug|x64
		{8EF93737-3225-4A5D-A67A-7D4E33D2786F}.Debug|x64.Build.0 = Debug|x64
		{8EF93737-3225-4A5D-A67A-7D4E33D2786F}.Debug|x64.Deploy.0 = Debug|x64
		{8EF93737-3225-4A5D-A67A-7D4E33D2786F}.Debug|x86.ActiveCfg = Debug|x86
		{8EF93737-3225-4A5D-A67A-7D4E33D2786F}.Debug|x86.Build.0 = Debug|x86
		{8EF93737-3225-4A5D-A67A-7D4E33D2786F}.Debug|x86.Deploy.0 = Debug|x86
		{8EF93737-3225-4A5D-A67A-7D4E33D2786F}.Release|Any CPU.ActiveCfg = Release|x86
		{8EF93737-3225-4A5D-A67A-7D4E33D2786F}.Release|ARM.ActiveCfg = Release|ARM
		{8EF93737-3225-4A5D-A67A-7D4E33D2786F}.Release|ARM.Build.0 = Release|ARM
		{8EF93737-3225-4A5D-A67A-7D4E33D2786F}.Release|ARM.Deploy.0 = Release|ARM
		{8EF93737-3225-4A5D-A67A-7D4E33D2786F}.Release|x64.ActiveCfg = Release|x64
		{8EF93737-3225-4A5D-A67A-7D4E33D2786F}.Release|x64.Build.0 = Release|x64
		{8EF93737-3225-4A5D-A67A-7D4E33D2786F}.Release|x64.Deploy.0 = Release|x64
		{8EF93737-3225-4A5D-A67A-7D4E33D2786F}.Release|x86.ActiveCfg = Release|x86
		{8EF93737-3225-4A5D-A67A-7D4E33D2786F}.Release|x86.Build.0 = Release|x86
		{8EF93737-3225-4A5D-A67A-7D4E33D2786F}.Release|x86.Deploy.0 = Release|x86
	EndGlobalSection
	GlobalSection(SolutionProperties) = preSolution
		HideSolutionNode = FALSE
	EndGlobalSection
EndGlobal
