
Microsoft Visual Studio Solution File, Format Version 12.00
# Visual Studio 2013
VisualStudioVersion = 12.0.30723.0
MinimumVisualStudioVersion = 10.0.40219.1
Project("{FAE04EC0-301F-11D3-BF4B-00C04F79EFBC}") = "Songbook.Structure", "src\Songbook.Structure\Songbook.Structure.csproj", "{E924E645-0E26-44A1-A9F9-98E9E1F19EB7}"
EndProject
Project("{FAE04EC0-301F-11D3-BF4B-00C04F79EFBC}") = "Songbook.Theory", "src\Songbook.Theory\Songbook.Theory.csproj", "{B5DA9F8A-BE9D-47D4-B49F-4E99311D171A}"
EndProject
Project("{FAE04EC0-301F-11D3-BF4B-00C04F79EFBC}") = "Songbook.Theory.Tests", "tests\Songbook.Theory.Tests\Songbook.Theory.Tests.csproj", "{32D62BB8-5B84-4C3A-AFE8-96680324B17E}"
EndProject
Project("{FAE04EC0-301F-11D3-BF4B-00C04F79EFBC}") = "Songbook.Structure.Tests", "tests\Songbook.Structure.Tests\Songbook.Structure.Tests.csproj", "{A4B8626C-4BDE-4946-8640-CA23FFC0AF4B}"
EndProject
Global
	GlobalSection(SolutionConfigurationPlatforms) = preSolution
		Debug|Any CPU = Debug|Any CPU
		Release|Any CPU = Release|Any CPU
	EndGlobalSection
	GlobalSection(ProjectConfigurationPlatforms) = postSolution
		{E924E645-0E26-44A1-A9F9-98E9E1F19EB7}.Debug|Any CPU.ActiveCfg = Debug|Any CPU
		{E924E645-0E26-44A1-A9F9-98E9E1F19EB7}.Debug|Any CPU.Build.0 = Debug|Any CPU
		{E924E645-0E26-44A1-A9F9-98E9E1F19EB7}.Release|Any CPU.ActiveCfg = Release|Any CPU
		{E924E645-0E26-44A1-A9F9-98E9E1F19EB7}.Release|Any CPU.Build.0 = Release|Any CPU
		{B5DA9F8A-BE9D-47D4-B49F-4E99311D171A}.Debug|Any CPU.ActiveCfg = Debug|Any CPU
		{B5DA9F8A-BE9D-47D4-B49F-4E99311D171A}.Debug|Any CPU.Build.0 = Debug|Any CPU
		{B5DA9F8A-BE9D-47D4-B49F-4E99311D171A}.Release|Any CPU.ActiveCfg = Release|Any CPU
		{B5DA9F8A-BE9D-47D4-B49F-4E99311D171A}.Release|Any CPU.Build.0 = Release|Any CPU
		{32D62BB8-5B84-4C3A-AFE8-96680324B17E}.Debug|Any CPU.ActiveCfg = Debug|Any CPU
		{32D62BB8-5B84-4C3A-AFE8-96680324B17E}.Debug|Any CPU.Build.0 = Debug|Any CPU
		{32D62BB8-5B84-4C3A-AFE8-96680324B17E}.Release|Any CPU.ActiveCfg = Release|Any CPU
		{32D62BB8-5B84-4C3A-AFE8-96680324B17E}.Release|Any CPU.Build.0 = Release|Any CPU
		{A4B8626C-4BDE-4946-8640-CA23FFC0AF4B}.Debug|Any CPU.ActiveCfg = Debug|Any CPU
		{A4B8626C-4BDE-4946-8640-CA23FFC0AF4B}.Debug|Any CPU.Build.0 = Debug|Any CPU
		{A4B8626C-4BDE-4946-8640-CA23FFC0AF4B}.Release|Any CPU.ActiveCfg = Release|Any CPU
		{A4B8626C-4BDE-4946-8640-CA23FFC0AF4B}.Release|Any CPU.Build.0 = Release|Any CPU
	EndGlobalSection
	GlobalSection(SolutionProperties) = preSolution
		HideSolutionNode = FALSE
	EndGlobalSection
EndGlobal
